schema: '2.0'
stages:
  get_data:
    cmd: python scripts/data.py
    deps:
    - path: scripts/data.py
      hash: md5
      md5: 533ab46098e25daf748a6cc96c8bb40a
      size: 1340
    params:
      params.yaml:
        index_col: customer_id
    outs:
    - path: data/initial_data.csv
      hash: md5
      md5: 394cc295a71adcc57957587343685d62
      size: 788116
  fit_model:
    cmd: python scripts/fit.py
    deps:
    - path: data/initial_data.csv
      hash: md5
      md5: 394cc295a71adcc57957587343685d62
      size: 788116
    - path: scripts/fit.py
      hash: md5
      md5: af8c0f9c110bd89855df500355f0b591
      size: 1651
    params:
      params.yaml:
        auto_class_weights: Balanced
        index_col: customer_id
        one_hot_drop: if_binary
        target_col: target
    outs:
    - path: models/fitted_model.pkl
      hash: md5
      md5: e0e76a67dba4ac857b2864b646194e92
      size: 1099103
  evaluate_model:
    cmd: python scripts/evaluate.py
    deps:
    - path: models/fitted_model.pkl
      hash: md5
      md5: e0e76a67dba4ac857b2864b646194e92
      size: 1099103
    - path: scripts/evaluate.py
      hash: md5
      md5: 1a3fb3c26980254f0f1393bd9cc6bfac
      size: 1292
    params:
      params.yaml:
        index_col: customer_id
        metrics:
        - f1
        - roc_auc
        n_jobs: -1
        n_splits: 5
        target_col: target
    outs:
    - path: cv_results/cv_res.json
      hash: md5
      md5: a97981abd5feb1cd17e2cc2159dc6158
      size: 78
