schema: '2.0'
stages:
  get_data:
    cmd: python scripts/data.py
    deps:
    - path: scripts/data.py
      hash: md5
      md5: 533ab46098e25daf748a6cc96c8bb40a
      size: 1340
    params:
      params.yaml:
        index_col: customer_id
    outs:
    - path: data/initial_data.csv
      hash: md5
      md5: 09f44ae7c639ef1017d5c381999edf77
      size: 788116
